
Microsoft Visual Studio Solution File, Format Version 12.00
# Visual Studio Version 17
VisualStudioVersion = 17.4.33110.190
MinimumVisualStudioVersion = 10.0.40219.1
Project("{FAE04EC0-301F-11D3-BF4B-00C04F79EFBC}") = "Elevator", "Elevator\Elevator.csproj", "{FA322858-B45E-43AC-A0C9-1C203870C371}"
EndProject
Project("{FAE04EC0-301F-11D3-BF4B-00C04F79EFBC}") = "ElevatorUnitTests", "ElevatorUnitTests\ElevatorUnitTests.csproj", "{8C664C26-E237-4177-8393-340954EEE4EB}"
EndProject
Global
	GlobalSection(SolutionConfigurationPlatforms) = preSolution
		Debug|Any CPU = Debug|Any CPU
		Release|Any CPU = Release|Any CPU
	EndGlobalSection
	GlobalSection(ProjectConfigurationPlatforms) = postSolution
		{FA322858-B45E-43AC-A0C9-1C203870C371}.Debug|Any CPU.ActiveCfg = Debug|Any CPU
		{FA322858-B45E-43AC-A0C9-1C203870C371}.Debug|Any CPU.Build.0 = Debug|Any CPU
		{FA322858-B45E-43AC-A0C9-1C203870C371}.Release|Any CPU.ActiveCfg = Release|Any CPU
		{FA322858-B45E-43AC-A0C9-1C203870C371}.Release|Any CPU.Build.0 = Release|Any CPU
		{8C664C26-E237-4177-8393-340954EEE4EB}.Debug|Any CPU.ActiveCfg = Debug|Any CPU
		{8C664C26-E237-4177-8393-340954EEE4EB}.Debug|Any CPU.Build.0 = Debug|Any CPU
		{8C664C26-E237-4177-8393-340954EEE4EB}.Release|Any CPU.ActiveCfg = Release|Any CPU
		{8C664C26-E237-4177-8393-340954EEE4EB}.Release|Any CPU.Build.0 = Release|Any CPU
	EndGlobalSection
	GlobalSection(SolutionProperties) = preSolution
		HideSolutionNode = FALSE
	EndGlobalSection
	GlobalSection(ExtensibilityGlobals) = postSolution
		SolutionGuid = {75B5E0DA-1FFF-4544-A1E1-ABA890D92D63}
	EndGlobalSection
EndGlobal
